// !$*UTF8*$!
{
	archiveVersion = 1;
	classes = {
	};
	objectVersion = 46;
	objects = {

/* Begin PBXBuildFile section */
		083FB2094A4DE99F5A60397A /* maxiMFCC.cpp in Sources */ = {isa = PBXBuildFile; fileRef = 440B2B891BD019685EF360B8 /* maxiMFCC.cpp */; };
		0FCED26D40D46CF89A58E54C /* fft.cpp in Sources */ = {isa = PBXBuildFile; fileRef = F3C78E7AB53E01022E9374A3 /* fft.cpp */; };
		1CD33E884D9E3358252E82A1 /* ofxToggle.cpp in Sources */ = {isa = PBXBuildFile; fileRef = 907C5B5E104864A2D3A25745 /* ofxToggle.cpp */; };
		22F21CE3B902225374BA1CA2 /* maximilian.cpp in Sources */ = {isa = PBXBuildFile; fileRef = 87D3A0051CCB2C0F0ECA139E /* maximilian.cpp */; };
		483908258D00B98B4BE69F07 /* ofxLabel.cpp in Sources */ = {isa = PBXBuildFile; fileRef = 78D67A00EB899FAC09430597 /* ofxLabel.cpp */; };
		572F9E5CFCCDBF1CB06361B4 /* myo.framework in CopyFiles */ = {isa = PBXBuildFile; fileRef = 026B02936D2F7F1250DE5E58 /* myo.framework */; settings = {ATTRIBUTES = (CodeSignOnCopy, ); }; };
		5C4A4AA5D4784DF23EA43038 /* maxiAtoms.cpp in Sources */ = {isa = PBXBuildFile; fileRef = 1EFA3ACBB8D16CC0DA1E79C6 /* maxiAtoms.cpp */; };
		5CBB2AB3A60F65431D7B555D /* ofxButton.cpp in Sources */ = {isa = PBXBuildFile; fileRef = C88333E71C9457E441C33474 /* ofxButton.cpp */; };
		6B5613CA3A873415D36173FD /* DeviceCollector.cpp in Sources */ = {isa = PBXBuildFile; fileRef = 5297901DDB7B4AD86868085D /* DeviceCollector.cpp */; };
		837220E80EB56CD44AD27F2A /* ofxSlider.cpp in Sources */ = {isa = PBXBuildFile; fileRef = 15F2C6477A769C03A56D1401 /* ofxSlider.cpp */; };
		856AA354D08AB4B323081444 /* ofxBaseGui.cpp in Sources */ = {isa = PBXBuildFile; fileRef = 9604B925D32EE39065747725 /* ofxBaseGui.cpp */; };
		9269198B2B052E84D66A191A /* myo.framework in Frameworks */ = {isa = PBXBuildFile; fileRef = 026B02936D2F7F1250DE5E58 /* myo.framework */; };
		9514C2D90467055B1447D074 /* stb_vorbis.c in Sources */ = {isa = PBXBuildFile; fileRef = 80CD68E0DDF2C60D2715CC78 /* stb_vorbis.c */; };
		96084990AF216648B8B98E00 /* maxiFFT.cpp in Sources */ = {isa = PBXBuildFile; fileRef = 6A4EE0E35ED739A31CD0153E /* maxiFFT.cpp */; };
		ABA8875AF0C06690CC0B92B1 /* maxiBark.cpp in Sources */ = {isa = PBXBuildFile; fileRef = 9B9936002B519C1290F25FEC /* maxiBark.cpp */; };
		ADF4E14A444FC04571F65373 /* ofxMyo.cpp in Sources */ = {isa = PBXBuildFile; fileRef = EBC3B597679CEA4C0102EC16 /* ofxMyo.cpp */; };
		AF0580829426DC6BCA135A5C /* maxiGrains.cpp in Sources */ = {isa = PBXBuildFile; fileRef = 9D2FB19B70632A6F86622D94 /* maxiGrains.cpp */; };
		B266578FC55D23BFEBC042E7 /* ofxGuiGroup.cpp in Sources */ = {isa = PBXBuildFile; fileRef = ECF8674C7975F1063C5E30CA /* ofxGuiGroup.cpp */; };
		B56FE57CC35806596D38118C /* ofxSliderGroup.cpp in Sources */ = {isa = PBXBuildFile; fileRef = 802251BAF1B35B1D67B32FD0 /* ofxSliderGroup.cpp */; };
		BE59A46B1F169DCC00B26E85 /* jsoncpp.cpp in Sources */ = {isa = PBXBuildFile; fileRef = BE59A4671F169DCC00B26E85 /* jsoncpp.cpp */; };
		BE59A46C1F169DCC00B26E85 /* libsvm.cpp in Sources */ = {isa = PBXBuildFile; fileRef = BE59A4691F169DCC00B26E85 /* libsvm.cpp */; };
		BEB159861FD56094008A6436 /* BayesianFilter.cpp in Sources */ = {isa = PBXBuildFile; fileRef = BEB159811FD56094008A6436 /* BayesianFilter.cpp */; };
		BEB159871FD56094008A6436 /* filter_utilities.cpp in Sources */ = {isa = PBXBuildFile; fileRef = BEB159831FD56094008A6436 /* filter_utilities.cpp */; };
		BEB1598A1FD560D0008A6436 /* Accelerate.framework in Frameworks */ = {isa = PBXBuildFile; fileRef = BEB159891FD560C4008A6436 /* Accelerate.framework */; };
		BEEA7EED1F0FDE6B001C6910 /* classification.cpp in Sources */ = {isa = PBXBuildFile; fileRef = BEEA7EDA1F0FDE6B001C6910 /* classification.cpp */; };
		BEEA7EEE1F0FDE6B001C6910 /* dtw.cpp in Sources */ = {isa = PBXBuildFile; fileRef = BEEA7EDC1F0FDE6B001C6910 /* dtw.cpp */; };
		BEEA7EEF1F0FDE6B001C6910 /* knnClassification.cpp in Sources */ = {isa = PBXBuildFile; fileRef = BEEA7EDE1F0FDE6B001C6910 /* knnClassification.cpp */; };
		BEEA7EF01F0FDE6B001C6910 /* modelSet.cpp in Sources */ = {isa = PBXBuildFile; fileRef = BEEA7EE01F0FDE6B001C6910 /* modelSet.cpp */; };
		BEEA7EF11F0FDE6B001C6910 /* neuralNetwork.cpp in Sources */ = {isa = PBXBuildFile; fileRef = BEEA7EE21F0FDE6B001C6910 /* neuralNetwork.cpp */; };
		BEEA7EF21F0FDE6B001C6910 /* rapidStream.cpp in Sources */ = {isa = PBXBuildFile; fileRef = BEEA7EE41F0FDE6B001C6910 /* rapidStream.cpp */; };
		BEEA7EF31F0FDE6B001C6910 /* regression.cpp in Sources */ = {isa = PBXBuildFile; fileRef = BEEA7EE61F0FDE6B001C6910 /* regression.cpp */; };
		BEEA7EF41F0FDE6B001C6910 /* seriesClassification.cpp in Sources */ = {isa = PBXBuildFile; fileRef = BEEA7EE81F0FDE6B001C6910 /* seriesClassification.cpp */; };
		BEEA7EF51F0FDE6B001C6910 /* svmClassification.cpp in Sources */ = {isa = PBXBuildFile; fileRef = BEEA7EEA1F0FDE6B001C6910 /* svmClassification.cpp */; };
		E4328149138ABC9F0047C5CB /* openFrameworksDebug.a in Frameworks */ = {isa = PBXBuildFile; fileRef = E4328148138ABC890047C5CB /* openFrameworksDebug.a */; };
		E4B69E200A3A1BDC003C02F2 /* main.cpp in Sources */ = {isa = PBXBuildFile; fileRef = E4B69E1D0A3A1BDC003C02F2 /* main.cpp */; };
		E4B69E210A3A1BDC003C02F2 /* ofApp.cpp in Sources */ = {isa = PBXBuildFile; fileRef = E4B69E1E0A3A1BDC003C02F2 /* ofApp.cpp */; };
		F285EB3169F1566CA3D93C20 /* ofxPanel.cpp in Sources */ = {isa = PBXBuildFile; fileRef = E112B3AEBEA2C091BF2B40AE /* ofxPanel.cpp */; };
/* End PBXBuildFile section */

/* Begin PBXContainerItemProxy section */
		E4328147138ABC890047C5CB /* PBXContainerItemProxy */ = {
			isa = PBXContainerItemProxy;
			containerPortal = E4328143138ABC890047C5CB /* openFrameworksLib.xcodeproj */;
			proxyType = 2;
			remoteGlobalIDString = E4B27C1510CBEB8E00536013;
			remoteInfo = openFrameworks;
		};
		E4EEB9AB138B136A00A80321 /* PBXContainerItemProxy */ = {
			isa = PBXContainerItemProxy;
			containerPortal = E4328143138ABC890047C5CB /* openFrameworksLib.xcodeproj */;
			proxyType = 1;
			remoteGlobalIDString = E4B27C1410CBEB8E00536013;
			remoteInfo = openFrameworks;
		};
/* End PBXContainerItemProxy section */

/* Begin PBXCopyFilesBuildPhase section */
		E4C2427710CC5ABF004149E2 /* CopyFiles */ = {
			isa = PBXCopyFilesBuildPhase;
			buildActionMask = 2147483647;
			dstPath = "";
			dstSubfolderSpec = 10;
			files = (
				572F9E5CFCCDBF1CB06361B4 /* myo.framework in CopyFiles */,
			);
			runOnlyForDeploymentPostprocessing = 0;
		};
/* End PBXCopyFilesBuildPhase section */

/* Begin PBXFileReference section */
		026B02936D2F7F1250DE5E58 /* myo.framework */ = {isa = PBXFileReference; lastKnownFileType = wrapper.framework; name = myo.framework; path = ../../../addons/ofxMyo/libs/myo/lib/osx/myo.framework; sourceTree = "<group>"; };
		0A1DAC09F322AE313A40706D /* ofxToggle.h */ = {isa = PBXFileReference; explicitFileType = sourcecode.c.h; fileEncoding = 30; name = ofxToggle.h; path = ../../../addons/ofxGui/src/ofxToggle.h; sourceTree = SOURCE_ROOT; };
		15F2C6477A769C03A56D1401 /* ofxSlider.cpp */ = {isa = PBXFileReference; explicitFileType = sourcecode.cpp.cpp; fileEncoding = 30; name = ofxSlider.cpp; path = ../../../addons/ofxGui/src/ofxSlider.cpp; sourceTree = SOURCE_ROOT; };
		17E65988300FBD9AAA2CD0CA /* ofxGui.h */ = {isa = PBXFileReference; explicitFileType = sourcecode.c.h; fileEncoding = 30; name = ofxGui.h; path = ../../../addons/ofxGui/src/ofxGui.h; sourceTree = SOURCE_ROOT; };
		1C0DA2561397A7DE0246858B /* ofxGuiGroup.h */ = {isa = PBXFileReference; explicitFileType = sourcecode.c.h; fileEncoding = 30; name = ofxGuiGroup.h; path = ../../../addons/ofxGui/src/ofxGuiGroup.h; sourceTree = SOURCE_ROOT; };
		1EFA3ACBB8D16CC0DA1E79C6 /* maxiAtoms.cpp */ = {isa = PBXFileReference; explicitFileType = sourcecode.cpp.cpp; fileEncoding = 30; name = maxiAtoms.cpp; path = ../../../addons/ofxMaxim/libs/maxiAtoms.cpp; sourceTree = SOURCE_ROOT; };
		2834D88A62CD23F3DE2C47D1 /* ofxButton.h */ = {isa = PBXFileReference; explicitFileType = sourcecode.c.h; fileEncoding = 30; name = ofxButton.h; path = ../../../addons/ofxGui/src/ofxButton.h; sourceTree = SOURCE_ROOT; };
		440B2B891BD019685EF360B8 /* maxiMFCC.cpp */ = {isa = PBXFileReference; explicitFileType = sourcecode.cpp.cpp; fileEncoding = 30; name = maxiMFCC.cpp; path = ../../../addons/ofxMaxim/libs/maxiMFCC.cpp; sourceTree = SOURCE_ROOT; };
		4AD8CFF0305906769D59066F /* DeviceCollector.h */ = {isa = PBXFileReference; explicitFileType = sourcecode.c.h; fileEncoding = 30; name = DeviceCollector.h; path = ../../../addons/ofxMyo/src/DeviceCollector.h; sourceTree = SOURCE_ROOT; };
		4CFB659E40D3D3DC5A3E9478 /* maxiGrains.h */ = {isa = PBXFileReference; explicitFileType = sourcecode.c.h; fileEncoding = 30; name = maxiGrains.h; path = ../../../addons/ofxMaxim/libs/maxiGrains.h; sourceTree = SOURCE_ROOT; };
		5297901DDB7B4AD86868085D /* DeviceCollector.cpp */ = {isa = PBXFileReference; explicitFileType = sourcecode.cpp.cpp; fileEncoding = 30; name = DeviceCollector.cpp; path = ../../../addons/ofxMyo/src/DeviceCollector.cpp; sourceTree = SOURCE_ROOT; };
		52AFA1F08C420992CAAAE648 /* ofxSlider.h */ = {isa = PBXFileReference; explicitFileType = sourcecode.c.h; fileEncoding = 30; name = ofxSlider.h; path = ../../../addons/ofxGui/src/ofxSlider.h; sourceTree = SOURCE_ROOT; };
		5C53622BF68729B7B6A23F4B /* ofxMyo.h */ = {isa = PBXFileReference; explicitFileType = sourcecode.c.h; fileEncoding = 30; name = ofxMyo.h; path = ../../../addons/ofxMyo/src/ofxMyo.h; sourceTree = SOURCE_ROOT; };
		6A4EE0E35ED739A31CD0153E /* maxiFFT.cpp */ = {isa = PBXFileReference; explicitFileType = sourcecode.cpp.cpp; fileEncoding = 30; name = maxiFFT.cpp; path = ../../../addons/ofxMaxim/libs/maxiFFT.cpp; sourceTree = SOURCE_ROOT; };
		78D67A00EB899FAC09430597 /* ofxLabel.cpp */ = {isa = PBXFileReference; explicitFileType = sourcecode.cpp.cpp; fileEncoding = 30; name = ofxLabel.cpp; path = ../../../addons/ofxGui/src/ofxLabel.cpp; sourceTree = SOURCE_ROOT; };
		7D2CBAA6529BCE46CA661E02 /* maxiAtoms.h */ = {isa = PBXFileReference; explicitFileType = sourcecode.c.h; fileEncoding = 30; name = maxiAtoms.h; path = ../../../addons/ofxMaxim/libs/maxiAtoms.h; sourceTree = SOURCE_ROOT; };
		802251BAF1B35B1D67B32FD0 /* ofxSliderGroup.cpp */ = {isa = PBXFileReference; explicitFileType = sourcecode.cpp.cpp; fileEncoding = 30; name = ofxSliderGroup.cpp; path = ../../../addons/ofxGui/src/ofxSliderGroup.cpp; sourceTree = SOURCE_ROOT; };
		80CD68E0DDF2C60D2715CC78 /* stb_vorbis.c */ = {isa = PBXFileReference; explicitFileType = sourcecode.c.c; fileEncoding = 30; name = stb_vorbis.c; path = ../../../addons/ofxMaxim/libs/stb_vorbis.c; sourceTree = SOURCE_ROOT; };
		87D3A0051CCB2C0F0ECA139E /* maximilian.cpp */ = {isa = PBXFileReference; explicitFileType = sourcecode.cpp.cpp; fileEncoding = 30; name = maximilian.cpp; path = ../../../addons/ofxMaxim/libs/maximilian.cpp; sourceTree = SOURCE_ROOT; };
		87F26B4B24CBD428AD9EEBAA /* ofxBaseGui.h */ = {isa = PBXFileReference; explicitFileType = sourcecode.c.h; fileEncoding = 30; name = ofxBaseGui.h; path = ../../../addons/ofxGui/src/ofxBaseGui.h; sourceTree = SOURCE_ROOT; };
		89449E3044D456F7DE7BEA14 /* ofxPanel.h */ = {isa = PBXFileReference; explicitFileType = sourcecode.c.h; fileEncoding = 30; name = ofxPanel.h; path = ../../../addons/ofxGui/src/ofxPanel.h; sourceTree = SOURCE_ROOT; };
		907C5B5E104864A2D3A25745 /* ofxToggle.cpp */ = {isa = PBXFileReference; explicitFileType = sourcecode.cpp.cpp; fileEncoding = 30; name = ofxToggle.cpp; path = ../../../addons/ofxGui/src/ofxToggle.cpp; sourceTree = SOURCE_ROOT; };
		9312F3864ED05FC3E847FF69 /* ofxMaxim.h */ = {isa = PBXFileReference; explicitFileType = sourcecode.c.h; fileEncoding = 30; name = ofxMaxim.h; path = ../../../addons/ofxMaxim/src/ofxMaxim.h; sourceTree = SOURCE_ROOT; };
		95C3AC11BE0AC7EC464D2A36 /* maximilian.h */ = {isa = PBXFileReference; explicitFileType = sourcecode.c.h; fileEncoding = 30; name = maximilian.h; path = ../../../addons/ofxMaxim/libs/maximilian.h; sourceTree = SOURCE_ROOT; };
		9604B925D32EE39065747725 /* ofxBaseGui.cpp */ = {isa = PBXFileReference; explicitFileType = sourcecode.cpp.cpp; fileEncoding = 30; name = ofxBaseGui.cpp; path = ../../../addons/ofxGui/src/ofxBaseGui.cpp; sourceTree = SOURCE_ROOT; };
		9B9936002B519C1290F25FEC /* maxiBark.cpp */ = {isa = PBXFileReference; explicitFileType = sourcecode.cpp.cpp; fileEncoding = 30; name = maxiBark.cpp; path = ../../../addons/ofxMaxim/libs/maxiBark.cpp; sourceTree = SOURCE_ROOT; };
		9D2FB19B70632A6F86622D94 /* maxiGrains.cpp */ = {isa = PBXFileReference; explicitFileType = sourcecode.cpp.cpp; fileEncoding = 30; name = maxiGrains.cpp; path = ../../../addons/ofxMaxim/libs/maxiGrains.cpp; sourceTree = SOURCE_ROOT; };
		A67372B9CAED43269F8D42D3 /* maxiBark.h */ = {isa = PBXFileReference; explicitFileType = sourcecode.c.h; fileEncoding = 30; name = maxiBark.h; path = ../../../addons/ofxMaxim/libs/maxiBark.h; sourceTree = SOURCE_ROOT; };
		B2F326FA07783558EF3CDD2A /* stb_vorbis.h */ = {isa = PBXFileReference; explicitFileType = sourcecode.c.h; fileEncoding = 30; name = stb_vorbis.h; path = ../../../addons/ofxMaxim/libs/stb_vorbis.h; sourceTree = SOURCE_ROOT; };
		B34D3539DB6F889A78540F7C /* sineTable.h */ = {isa = PBXFileReference; explicitFileType = sourcecode.c.h; fileEncoding = 30; name = sineTable.h; path = ../../../addons/ofxMaxim/libs/sineTable.h; sourceTree = SOURCE_ROOT; };
		B87C60311EC1FE841C1ECD89 /* ofxLabel.h */ = {isa = PBXFileReference; explicitFileType = sourcecode.c.h; fileEncoding = 30; name = ofxLabel.h; path = ../../../addons/ofxGui/src/ofxLabel.h; sourceTree = SOURCE_ROOT; };
		BA5114869056DFF1A50CFA4A /* fft.h */ = {isa = PBXFileReference; explicitFileType = sourcecode.c.h; fileEncoding = 30; name = fft.h; path = ../../../addons/ofxMaxim/libs/fft.h; sourceTree = SOURCE_ROOT; };
		BE59A4651F169DCC00B26E85 /* json-forwards.h */ = {isa = PBXFileReference; fileEncoding = 4; lastKnownFileType = sourcecode.c.h; path = "json-forwards.h"; sourceTree = "<group>"; };
		BE59A4661F169DCC00B26E85 /* json.h */ = {isa = PBXFileReference; fileEncoding = 4; lastKnownFileType = sourcecode.c.h; path = json.h; sourceTree = "<group>"; };
		BE59A4671F169DCC00B26E85 /* jsoncpp.cpp */ = {isa = PBXFileReference; fileEncoding = 4; lastKnownFileType = sourcecode.cpp.cpp; path = jsoncpp.cpp; sourceTree = "<group>"; };
		BE59A4691F169DCC00B26E85 /* libsvm.cpp */ = {isa = PBXFileReference; fileEncoding = 4; lastKnownFileType = sourcecode.cpp.cpp; path = libsvm.cpp; sourceTree = "<group>"; };
		BE59A46A1F169DCC00B26E85 /* libsvm.h */ = {isa = PBXFileReference; fileEncoding = 4; lastKnownFileType = sourcecode.c.h; path = libsvm.h; sourceTree = "<group>"; };
		BEB159801FD56094008A6436 /* .gitignore */ = {isa = PBXFileReference; fileEncoding = 4; lastKnownFileType = text; path = .gitignore; sourceTree = "<group>"; };
		BEB159811FD56094008A6436 /* BayesianFilter.cpp */ = {isa = PBXFileReference; fileEncoding = 4; lastKnownFileType = sourcecode.cpp.cpp; path = BayesianFilter.cpp; sourceTree = "<group>"; };
		BEB159821FD56094008A6436 /* BayesianFilter.h */ = {isa = PBXFileReference; fileEncoding = 4; lastKnownFileType = sourcecode.c.h; path = BayesianFilter.h; sourceTree = "<group>"; };
		BEB159831FD56094008A6436 /* filter_utilities.cpp */ = {isa = PBXFileReference; fileEncoding = 4; lastKnownFileType = sourcecode.cpp.cpp; path = filter_utilities.cpp; sourceTree = "<group>"; };
		BEB159841FD56094008A6436 /* filter_utilities.h */ = {isa = PBXFileReference; fileEncoding = 4; lastKnownFileType = sourcecode.c.h; path = filter_utilities.h; sourceTree = "<group>"; };
		BEB159851FD56094008A6436 /* README.md */ = {isa = PBXFileReference; fileEncoding = 4; lastKnownFileType = net.daringfireball.markdown; path = README.md; sourceTree = "<group>"; };
		BEB159891FD560C4008A6436 /* Accelerate.framework */ = {isa = PBXFileReference; lastKnownFileType = wrapper.framework; name = Accelerate.framework; path = System/Library/Frameworks/Accelerate.framework; sourceTree = SDKROOT; };
		BEC2D19B1F0FE04E00847B8B /* ofxRapidLib.h */ = {isa = PBXFileReference; fileEncoding = 4; lastKnownFileType = sourcecode.c.h; path = ofxRapidLib.h; sourceTree = "<group>"; };
		BEEA7ED91F0FDE6B001C6910 /* baseModel.h */ = {isa = PBXFileReference; fileEncoding = 4; lastKnownFileType = sourcecode.c.h; path = baseModel.h; sourceTree = "<group>"; };
		BEEA7EDA1F0FDE6B001C6910 /* classification.cpp */ = {isa = PBXFileReference; fileEncoding = 4; lastKnownFileType = sourcecode.cpp.cpp; path = classification.cpp; sourceTree = "<group>"; };
		BEEA7EDB1F0FDE6B001C6910 /* classification.h */ = {isa = PBXFileReference; fileEncoding = 4; lastKnownFileType = sourcecode.c.h; path = classification.h; sourceTree = "<group>"; };
		BEEA7EDC1F0FDE6B001C6910 /* dtw.cpp */ = {isa = PBXFileReference; fileEncoding = 4; lastKnownFileType = sourcecode.cpp.cpp; path = dtw.cpp; sourceTree = "<group>"; };
		BEEA7EDD1F0FDE6B001C6910 /* dtw.h */ = {isa = PBXFileReference; fileEncoding = 4; lastKnownFileType = sourcecode.c.h; path = dtw.h; sourceTree = "<group>"; };
		BEEA7EDE1F0FDE6B001C6910 /* knnClassification.cpp */ = {isa = PBXFileReference; fileEncoding = 4; lastKnownFileType = sourcecode.cpp.cpp; path = knnClassification.cpp; sourceTree = "<group>"; };
		BEEA7EDF1F0FDE6B001C6910 /* knnClassification.h */ = {isa = PBXFileReference; fileEncoding = 4; lastKnownFileType = sourcecode.c.h; path = knnClassification.h; sourceTree = "<group>"; };
		BEEA7EE01F0FDE6B001C6910 /* modelSet.cpp */ = {isa = PBXFileReference; fileEncoding = 4; lastKnownFileType = sourcecode.cpp.cpp; path = modelSet.cpp; sourceTree = "<group>"; };
		BEEA7EE11F0FDE6B001C6910 /* modelSet.h */ = {isa = PBXFileReference; fileEncoding = 4; lastKnownFileType = sourcecode.c.h; path = modelSet.h; sourceTree = "<group>"; };
		BEEA7EE21F0FDE6B001C6910 /* neuralNetwork.cpp */ = {isa = PBXFileReference; fileEncoding = 4; lastKnownFileType = sourcecode.cpp.cpp; path = neuralNetwork.cpp; sourceTree = "<group>"; };
		BEEA7EE31F0FDE6B001C6910 /* neuralNetwork.h */ = {isa = PBXFileReference; fileEncoding = 4; lastKnownFileType = sourcecode.c.h; path = neuralNetwork.h; sourceTree = "<group>"; };
		BEEA7EE41F0FDE6B001C6910 /* rapidStream.cpp */ = {isa = PBXFileReference; fileEncoding = 4; lastKnownFileType = sourcecode.cpp.cpp; path = rapidStream.cpp; sourceTree = "<group>"; };
		BEEA7EE51F0FDE6B001C6910 /* rapidStream.h */ = {isa = PBXFileReference; fileEncoding = 4; lastKnownFileType = sourcecode.c.h; path = rapidStream.h; sourceTree = "<group>"; };
		BEEA7EE61F0FDE6B001C6910 /* regression.cpp */ = {isa = PBXFileReference; fileEncoding = 4; lastKnownFileType = sourcecode.cpp.cpp; path = regression.cpp; sourceTree = "<group>"; };
		BEEA7EE71F0FDE6B001C6910 /* regression.h */ = {isa = PBXFileReference; fileEncoding = 4; lastKnownFileType = sourcecode.c.h; path = regression.h; sourceTree = "<group>"; };
		BEEA7EE81F0FDE6B001C6910 /* seriesClassification.cpp */ = {isa = PBXFileReference; fileEncoding = 4; lastKnownFileType = sourcecode.cpp.cpp; path = seriesClassification.cpp; sourceTree = "<group>"; };
		BEEA7EE91F0FDE6B001C6910 /* seriesClassification.h */ = {isa = PBXFileReference; fileEncoding = 4; lastKnownFileType = sourcecode.c.h; path = seriesClassification.h; sourceTree = "<group>"; };
		BEEA7EEA1F0FDE6B001C6910 /* svmClassification.cpp */ = {isa = PBXFileReference; fileEncoding = 4; lastKnownFileType = sourcecode.cpp.cpp; path = svmClassification.cpp; sourceTree = "<group>"; };
		BEEA7EEB1F0FDE6B001C6910 /* svmClassification.h */ = {isa = PBXFileReference; fileEncoding = 4; lastKnownFileType = sourcecode.c.h; path = svmClassification.h; sourceTree = "<group>"; };
		BEEA7EEC1F0FDE6B001C6910 /* trainingExample.h */ = {isa = PBXFileReference; fileEncoding = 4; lastKnownFileType = sourcecode.c.h; path = trainingExample.h; sourceTree = "<group>"; };
		C70D8946940288799E82131E /* ofxSliderGroup.h */ = {isa = PBXFileReference; explicitFileType = sourcecode.c.h; fileEncoding = 30; name = ofxSliderGroup.h; path = ../../../addons/ofxGui/src/ofxSliderGroup.h; sourceTree = SOURCE_ROOT; };
		C88333E71C9457E441C33474 /* ofxButton.cpp */ = {isa = PBXFileReference; explicitFileType = sourcecode.cpp.cpp; fileEncoding = 30; name = ofxButton.cpp; path = ../../../addons/ofxGui/src/ofxButton.cpp; sourceTree = SOURCE_ROOT; };
		D1C864AE2FE539BE7FD1F628 /* maxiMFCC.h */ = {isa = PBXFileReference; explicitFileType = sourcecode.c.h; fileEncoding = 30; name = maxiMFCC.h; path = ../../../addons/ofxMaxim/libs/maxiMFCC.h; sourceTree = SOURCE_ROOT; };
		E112B3AEBEA2C091BF2B40AE /* ofxPanel.cpp */ = {isa = PBXFileReference; explicitFileType = sourcecode.cpp.cpp; fileEncoding = 30; name = ofxPanel.cpp; path = ../../../addons/ofxGui/src/ofxPanel.cpp; sourceTree = SOURCE_ROOT; };
		E4328143138ABC890047C5CB /* openFrameworksLib.xcodeproj */ = {isa = PBXFileReference; lastKnownFileType = "wrapper.pb-project"; name = openFrameworksLib.xcodeproj; path = ../../../libs/openFrameworksCompiled/project/osx/openFrameworksLib.xcodeproj; sourceTree = SOURCE_ROOT; };
		E4B69B5B0A3A1756003C02F2 /* prob_drumsDebug.app */ = {isa = PBXFileReference; explicitFileType = wrapper.application; includeInIndex = 0; path = prob_drumsDebug.app; sourceTree = BUILT_PRODUCTS_DIR; };
		E4B69E1D0A3A1BDC003C02F2 /* main.cpp */ = {isa = PBXFileReference; fileEncoding = 30; lastKnownFileType = sourcecode.cpp.cpp; name = main.cpp; path = src/main.cpp; sourceTree = SOURCE_ROOT; };
		E4B69E1E0A3A1BDC003C02F2 /* ofApp.cpp */ = {isa = PBXFileReference; explicitFileType = sourcecode.cpp.cpp; fileEncoding = 30; name = ofApp.cpp; path = src/ofApp.cpp; sourceTree = SOURCE_ROOT; };
		E4B69E1F0A3A1BDC003C02F2 /* ofApp.h */ = {isa = PBXFileReference; fileEncoding = 30; lastKnownFileType = sourcecode.c.h; name = ofApp.h; path = src/ofApp.h; sourceTree = SOURCE_ROOT; };
		E4B6FCAD0C3E899E008CF71C /* openFrameworks-Info.plist */ = {isa = PBXFileReference; fileEncoding = 30; lastKnownFileType = text.plist.xml; path = "openFrameworks-Info.plist"; sourceTree = "<group>"; };
		E4EB691F138AFCF100A09F29 /* CoreOF.xcconfig */ = {isa = PBXFileReference; fileEncoding = 4; lastKnownFileType = text.xcconfig; name = CoreOF.xcconfig; path = ../../../libs/openFrameworksCompiled/project/osx/CoreOF.xcconfig; sourceTree = SOURCE_ROOT; };
		E4EB6923138AFD0F00A09F29 /* Project.xcconfig */ = {isa = PBXFileReference; fileEncoding = 4; lastKnownFileType = text.xcconfig; path = Project.xcconfig; sourceTree = "<group>"; };
		EBC3B597679CEA4C0102EC16 /* ofxMyo.cpp */ = {isa = PBXFileReference; explicitFileType = sourcecode.cpp.cpp; fileEncoding = 30; name = ofxMyo.cpp; path = ../../../addons/ofxMyo/src/ofxMyo.cpp; sourceTree = SOURCE_ROOT; };
		ECF8674C7975F1063C5E30CA /* ofxGuiGroup.cpp */ = {isa = PBXFileReference; explicitFileType = sourcecode.cpp.cpp; fileEncoding = 30; name = ofxGuiGroup.cpp; path = ../../../addons/ofxGui/src/ofxGuiGroup.cpp; sourceTree = SOURCE_ROOT; };
		EFA729F2F65D97F65DB52E44 /* maxiFFT.h */ = {isa = PBXFileReference; explicitFileType = sourcecode.c.h; fileEncoding = 30; name = maxiFFT.h; path = ../../../addons/ofxMaxim/libs/maxiFFT.h; sourceTree = SOURCE_ROOT; };
		F3C78E7AB53E01022E9374A3 /* fft.cpp */ = {isa = PBXFileReference; explicitFileType = sourcecode.cpp.cpp; fileEncoding = 30; name = fft.cpp; path = ../../../addons/ofxMaxim/libs/fft.cpp; sourceTree = SOURCE_ROOT; };
/* End PBXFileReference section */

/* Begin PBXFrameworksBuildPhase section */
		E4B69B590A3A1756003C02F2 /* Frameworks */ = {
			isa = PBXFrameworksBuildPhase;
			buildActionMask = 2147483647;
			files = (
				BEB1598A1FD560D0008A6436 /* Accelerate.framework in Frameworks */,
				E4328149138ABC9F0047C5CB /* openFrameworksDebug.a in Frameworks */,
				9269198B2B052E84D66A191A /* myo.framework in Frameworks */,
			);
			runOnlyForDeploymentPostprocessing = 0;
		};
/* End PBXFrameworksBuildPhase section */

/* Begin PBXGroup section */
		0300465880C20116CCCC567D /* lib */ = {
			isa = PBXGroup;
			children = (
				B9525986D9E4027605C70134 /* osx */,
			);
			name = lib;
			sourceTree = "<group>";
		};
		0871E7C085C9254655D4DBC7 /* ofxMyo */ = {
			isa = PBXGroup;
			children = (
				7569D555A453125946D0049B /* src */,
				958012DB6A5693F62405FA45 /* libs */,
			);
			name = ofxMyo;
			sourceTree = "<group>";
		};
		480A780D8D0308AE4A368801 /* ofxGui */ = {
			isa = PBXGroup;
			children = (
				A763ED608B35AE3310251DEE /* src */,
			);
			name = ofxGui;
			sourceTree = "<group>";
		};
		4ACC32F17B7623DA048865D1 /* libs */ = {
			isa = PBXGroup;
			children = (
				F3C78E7AB53E01022E9374A3 /* fft.cpp */,
				BA5114869056DFF1A50CFA4A /* fft.h */,
				1EFA3ACBB8D16CC0DA1E79C6 /* maxiAtoms.cpp */,
				7D2CBAA6529BCE46CA661E02 /* maxiAtoms.h */,
				9B9936002B519C1290F25FEC /* maxiBark.cpp */,
				A67372B9CAED43269F8D42D3 /* maxiBark.h */,
				6A4EE0E35ED739A31CD0153E /* maxiFFT.cpp */,
				EFA729F2F65D97F65DB52E44 /* maxiFFT.h */,
				9D2FB19B70632A6F86622D94 /* maxiGrains.cpp */,
				4CFB659E40D3D3DC5A3E9478 /* maxiGrains.h */,
				440B2B891BD019685EF360B8 /* maxiMFCC.cpp */,
				D1C864AE2FE539BE7FD1F628 /* maxiMFCC.h */,
				87D3A0051CCB2C0F0ECA139E /* maximilian.cpp */,
				95C3AC11BE0AC7EC464D2A36 /* maximilian.h */,
				B34D3539DB6F889A78540F7C /* sineTable.h */,
				80CD68E0DDF2C60D2715CC78 /* stb_vorbis.c */,
				B2F326FA07783558EF3CDD2A /* stb_vorbis.h */,
			);
			name = libs;
			sourceTree = "<group>";
		};
		6234D3BCE87D1C3BA2230F19 /* ofxMaxim */ = {
			isa = PBXGroup;
			children = (
				8F6BFB59AB6D0A458C2F3C53 /* src */,
				4ACC32F17B7623DA048865D1 /* libs */,
			);
			name = ofxMaxim;
			sourceTree = "<group>";
		};
		6948EE371B920CB800B5AC1A /* local_addons */ = {
			isa = PBXGroup;
			children = (
			);
			name = local_addons;
			sourceTree = "<group>";
		};
		7569D555A453125946D0049B /* src */ = {
			isa = PBXGroup;
			children = (
				5297901DDB7B4AD86868085D /* DeviceCollector.cpp */,
				4AD8CFF0305906769D59066F /* DeviceCollector.h */,
				EBC3B597679CEA4C0102EC16 /* ofxMyo.cpp */,
				5C53622BF68729B7B6A23F4B /* ofxMyo.h */,
			);
			name = src;
			sourceTree = "<group>";
		};
		8F6BFB59AB6D0A458C2F3C53 /* src */ = {
			isa = PBXGroup;
			children = (
				9312F3864ED05FC3E847FF69 /* ofxMaxim.h */,
			);
			name = src;
			sourceTree = "<group>";
		};
		958012DB6A5693F62405FA45 /* libs */ = {
			isa = PBXGroup;
			children = (
				BA026326FFC54581829768C3 /* myo */,
			);
			name = libs;
			sourceTree = "<group>";
		};
		A763ED608B35AE3310251DEE /* src */ = {
			isa = PBXGroup;
			children = (
				9604B925D32EE39065747725 /* ofxBaseGui.cpp */,
				87F26B4B24CBD428AD9EEBAA /* ofxBaseGui.h */,
				C88333E71C9457E441C33474 /* ofxButton.cpp */,
				2834D88A62CD23F3DE2C47D1 /* ofxButton.h */,
				17E65988300FBD9AAA2CD0CA /* ofxGui.h */,
				ECF8674C7975F1063C5E30CA /* ofxGuiGroup.cpp */,
				1C0DA2561397A7DE0246858B /* ofxGuiGroup.h */,
				78D67A00EB899FAC09430597 /* ofxLabel.cpp */,
				B87C60311EC1FE841C1ECD89 /* ofxLabel.h */,
				E112B3AEBEA2C091BF2B40AE /* ofxPanel.cpp */,
				89449E3044D456F7DE7BEA14 /* ofxPanel.h */,
				15F2C6477A769C03A56D1401 /* ofxSlider.cpp */,
				52AFA1F08C420992CAAAE648 /* ofxSlider.h */,
				802251BAF1B35B1D67B32FD0 /* ofxSliderGroup.cpp */,
				C70D8946940288799E82131E /* ofxSliderGroup.h */,
				907C5B5E104864A2D3A25745 /* ofxToggle.cpp */,
				0A1DAC09F322AE313A40706D /* ofxToggle.h */,
			);
			name = src;
			sourceTree = "<group>";
		};
		B9525986D9E4027605C70134 /* osx */ = {
			isa = PBXGroup;
			children = (
				026B02936D2F7F1250DE5E58 /* myo.framework */,
			);
			name = osx;
			sourceTree = "<group>";
		};
		BA026326FFC54581829768C3 /* myo */ = {
			isa = PBXGroup;
			children = (
				0300465880C20116CCCC567D /* lib */,
			);
			name = myo;
			sourceTree = "<group>";
		};
		BB4B014C10F69532006C3DED /* addons */ = {
			isa = PBXGroup;
			children = (
				BEEA7EFC1F0FDE81001C6910 /* ofxRapidLib */,
				480A780D8D0308AE4A368801 /* ofxGui */,
				6234D3BCE87D1C3BA2230F19 /* ofxMaxim */,
				0871E7C085C9254655D4DBC7 /* ofxMyo */,
			);
			name = addons;
			sourceTree = "<group>";
		};
		BE59A4631F169DCC00B26E85 /* dependencies */ = {
			isa = PBXGroup;
			children = (
				BEB1597F1FD56094008A6436 /* bayesfilter */,
				BE59A4641F169DCC00B26E85 /* json */,
				BE59A4671F169DCC00B26E85 /* jsoncpp.cpp */,
				BE59A4681F169DCC00B26E85 /* libsvm */,
			);
			path = dependencies;
			sourceTree = "<group>";
		};
		BE59A4641F169DCC00B26E85 /* json */ = {
			isa = PBXGroup;
			children = (
				BE59A4651F169DCC00B26E85 /* json-forwards.h */,
				BE59A4661F169DCC00B26E85 /* json.h */,
			);
			path = json;
			sourceTree = "<group>";
		};
		BE59A4681F169DCC00B26E85 /* libsvm */ = {
			isa = PBXGroup;
			children = (
				BE59A4691F169DCC00B26E85 /* libsvm.cpp */,
				BE59A46A1F169DCC00B26E85 /* libsvm.h */,
			);
			path = libsvm;
			sourceTree = "<group>";
		};
		BEB1597F1FD56094008A6436 /* bayesfilter */ = {
			isa = PBXGroup;
			children = (
				BEB159801FD56094008A6436 /* .gitignore */,
				BEB159811FD56094008A6436 /* BayesianFilter.cpp */,
				BEB159821FD56094008A6436 /* BayesianFilter.h */,
				BEB159831FD56094008A6436 /* filter_utilities.cpp */,
				BEB159841FD56094008A6436 /* filter_utilities.h */,
				BEB159851FD56094008A6436 /* README.md */,
			);
			path = bayesfilter;
			sourceTree = "<group>";
		};
		BEB159881FD560C4008A6436 /* Frameworks */ = {
			isa = PBXGroup;
			children = (
				BEB159891FD560C4008A6436 /* Accelerate.framework */,
			);
			name = Frameworks;
			sourceTree = "<group>";
		};
		BEC2D19A1F0FE04E00847B8B /* src */ = {
			isa = PBXGroup;
			children = (
				BEC2D19B1F0FE04E00847B8B /* ofxRapidLib.h */,
			);
			name = src;
			path = ../src;
			sourceTree = "<group>";
		};
		BEEA7ED81F0FDE6B001C6910 /* libs */ = {
			isa = PBXGroup;
			children = (
				BE59A4631F169DCC00B26E85 /* dependencies */,
				BEEA7ED91F0FDE6B001C6910 /* baseModel.h */,
				BEEA7EDA1F0FDE6B001C6910 /* classification.cpp */,
				BEEA7EDB1F0FDE6B001C6910 /* classification.h */,
				BEEA7EDC1F0FDE6B001C6910 /* dtw.cpp */,
				BEEA7EDD1F0FDE6B001C6910 /* dtw.h */,
				BEEA7EDE1F0FDE6B001C6910 /* knnClassification.cpp */,
				BEEA7EDF1F0FDE6B001C6910 /* knnClassification.h */,
				BEEA7EE01F0FDE6B001C6910 /* modelSet.cpp */,
				BEEA7EE11F0FDE6B001C6910 /* modelSet.h */,
				BEEA7EE21F0FDE6B001C6910 /* neuralNetwork.cpp */,
				BEEA7EE31F0FDE6B001C6910 /* neuralNetwork.h */,
				BEEA7EE41F0FDE6B001C6910 /* rapidStream.cpp */,
				BEEA7EE51F0FDE6B001C6910 /* rapidStream.h */,
				BEEA7EE61F0FDE6B001C6910 /* regression.cpp */,
				BEEA7EE71F0FDE6B001C6910 /* regression.h */,
				BEEA7EE81F0FDE6B001C6910 /* seriesClassification.cpp */,
				BEEA7EE91F0FDE6B001C6910 /* seriesClassification.h */,
				BEEA7EEA1F0FDE6B001C6910 /* svmClassification.cpp */,
				BEEA7EEB1F0FDE6B001C6910 /* svmClassification.h */,
				BEEA7EEC1F0FDE6B001C6910 /* trainingExample.h */,
			);
			name = libs;
			path = ../libs;
			sourceTree = "<group>";
		};
		BEEA7EFC1F0FDE81001C6910 /* ofxRapidLib */ = {
			isa = PBXGroup;
			children = (
				BEC2D19A1F0FE04E00847B8B /* src */,
				BEEA7ED81F0FDE6B001C6910 /* libs */,
			);
			name = ofxRapidLib;
			sourceTree = "<group>";
		};
		E4328144138ABC890047C5CB /* Products */ = {
			isa = PBXGroup;
			children = (
				E4328148138ABC890047C5CB /* openFrameworksDebug.a */,
			);
			name = Products;
			sourceTree = "<group>";
		};
		E4B69B4A0A3A1720003C02F2 = {
			isa = PBXGroup;
			children = (
				E4B6FCAD0C3E899E008CF71C /* openFrameworks-Info.plist */,
				E4EB6923138AFD0F00A09F29 /* Project.xcconfig */,
				E4B69E1C0A3A1BDC003C02F2 /* src */,
				E4EEC9E9138DF44700A80321 /* openFrameworks */,
				BB4B014C10F69532006C3DED /* addons */,
				6948EE371B920CB800B5AC1A /* local_addons */,
				E4B69B5B0A3A1756003C02F2 /* prob_drumsDebug.app */,
				BEB159881FD560C4008A6436 /* Frameworks */,
			);
			sourceTree = "<group>";
		};
		E4B69E1C0A3A1BDC003C02F2 /* src */ = {
			isa = PBXGroup;
			children = (
				E4B69E1D0A3A1BDC003C02F2 /* main.cpp */,
				E4B69E1E0A3A1BDC003C02F2 /* ofApp.cpp */,
				E4B69E1F0A3A1BDC003C02F2 /* ofApp.h */,
			);
			path = src;
			sourceTree = SOURCE_ROOT;
		};
		E4EEC9E9138DF44700A80321 /* openFrameworks */ = {
			isa = PBXGroup;
			children = (
				E4EB691F138AFCF100A09F29 /* CoreOF.xcconfig */,
				E4328143138ABC890047C5CB /* openFrameworksLib.xcodeproj */,
			);
			name = openFrameworks;
			sourceTree = "<group>";
		};
/* End PBXGroup section */

/* Begin PBXNativeTarget section */
		E4B69B5A0A3A1756003C02F2 /* prob_drums */ = {
			isa = PBXNativeTarget;
			buildConfigurationList = E4B69B5F0A3A1757003C02F2 /* Build configuration list for PBXNativeTarget "prob_drums" */;
			buildPhases = (
				E4B69B580A3A1756003C02F2 /* Sources */,
				E4B69B590A3A1756003C02F2 /* Frameworks */,
				E4B6FFFD0C3F9AB9008CF71C /* ShellScript */,
				E4C2427710CC5ABF004149E2 /* CopyFiles */,
			);
			buildRules = (
			);
			dependencies = (
				E4EEB9AC138B136A00A80321 /* PBXTargetDependency */,
			);
			name = prob_drums;
			productName = myOFApp;
			productReference = E4B69B5B0A3A1756003C02F2 /* prob_drumsDebug.app */;
			productType = "com.apple.product-type.application";
		};
/* End PBXNativeTarget section */

/* Begin PBXProject section */
		E4B69B4C0A3A1720003C02F2 /* Project object */ = {
			isa = PBXProject;
			attributes = {
				LastUpgradeCheck = 0940;
			};
			buildConfigurationList = E4B69B4D0A3A1720003C02F2 /* Build configuration list for PBXProject "prob_drums" */;
			compatibilityVersion = "Xcode 3.2";
			developmentRegion = English;
			hasScannedForEncodings = 0;
			knownRegions = (
				English,
				Japanese,
				French,
				German,
			);
			mainGroup = E4B69B4A0A3A1720003C02F2;
			productRefGroup = E4B69B4A0A3A1720003C02F2;
			projectDirPath = "";
			projectReferences = (
				{
					ProductGroup = E4328144138ABC890047C5CB /* Products */;
					ProjectRef = E4328143138ABC890047C5CB /* openFrameworksLib.xcodeproj */;
				},
			);
			projectRoot = "";
			targets = (
				E4B69B5A0A3A1756003C02F2 /* prob_drums */,
			);
		};
/* End PBXProject section */

/* Begin PBXReferenceProxy section */
		E4328148138ABC890047C5CB /* openFrameworksDebug.a */ = {
			isa = PBXReferenceProxy;
			fileType = archive.ar;
			path = openFrameworksDebug.a;
			remoteRef = E4328147138ABC890047C5CB /* PBXContainerItemProxy */;
			sourceTree = BUILT_PRODUCTS_DIR;
		};
/* End PBXReferenceProxy section */

/* Begin PBXShellScriptBuildPhase section */
		E4B6FFFD0C3F9AB9008CF71C /* ShellScript */ = {
			isa = PBXShellScriptBuildPhase;
			buildActionMask = 2147483647;
			files = (
			);
			inputPaths = (
			);
			outputPaths = (
			);
			runOnlyForDeploymentPostprocessing = 0;
			shellPath = /bin/sh;
			shellScript = "mkdir -p \"$TARGET_BUILD_DIR/$PRODUCT_NAME.app/Contents/Resources/\"\n# Copy default icon file into App/Resources\nrsync -aved \"$ICON_FILE\" \"$TARGET_BUILD_DIR/$PRODUCT_NAME.app/Contents/Resources/\"\n# Copy libfmod and change install directory for fmod to run\nrsync -aved ../../../libs/fmodex/lib/osx/libfmodex.dylib \"$TARGET_BUILD_DIR/$PRODUCT_NAME.app/Contents/Frameworks/\";\ninstall_name_tool -change @executable_path/libfmodex.dylib @executable_path/../Frameworks/libfmodex.dylib \"$TARGET_BUILD_DIR/$PRODUCT_NAME.app/Contents/MacOS/$PRODUCT_NAME\";\n# Copy GLUT framework (must remove for AppStore submissions)\nrsync -aved ../../../libs/glut/lib/osx/GLUT.framework \"$TARGET_BUILD_DIR/$PRODUCT_NAME.app/Contents/Frameworks/\"\n";
		};
/* End PBXShellScriptBuildPhase section */

/* Begin PBXSourcesBuildPhase section */
		E4B69B580A3A1756003C02F2 /* Sources */ = {
			isa = PBXSourcesBuildPhase;
			buildActionMask = 2147483647;
			files = (
				BEEA7EED1F0FDE6B001C6910 /* classification.cpp in Sources */,
				E4B69E200A3A1BDC003C02F2 /* main.cpp in Sources */,
				BEEA7EF01F0FDE6B001C6910 /* modelSet.cpp in Sources */,
				E4B69E210A3A1BDC003C02F2 /* ofApp.cpp in Sources */,
				856AA354D08AB4B323081444 /* ofxBaseGui.cpp in Sources */,
				5CBB2AB3A60F65431D7B555D /* ofxButton.cpp in Sources */,
				BEEA7EF51F0FDE6B001C6910 /* svmClassification.cpp in Sources */,
				BEEA7EEE1F0FDE6B001C6910 /* dtw.cpp in Sources */,
				BEEA7EF31F0FDE6B001C6910 /* regression.cpp in Sources */,
				B266578FC55D23BFEBC042E7 /* ofxGuiGroup.cpp in Sources */,
				483908258D00B98B4BE69F07 /* ofxLabel.cpp in Sources */,
				F285EB3169F1566CA3D93C20 /* ofxPanel.cpp in Sources */,
				837220E80EB56CD44AD27F2A /* ofxSlider.cpp in Sources */,
				B56FE57CC35806596D38118C /* ofxSliderGroup.cpp in Sources */,
				1CD33E884D9E3358252E82A1 /* ofxToggle.cpp in Sources */,
				BE59A46B1F169DCC00B26E85 /* jsoncpp.cpp in Sources */,
				0FCED26D40D46CF89A58E54C /* fft.cpp in Sources */,
				BEEA7EEF1F0FDE6B001C6910 /* knnClassification.cpp in Sources */,
				5C4A4AA5D4784DF23EA43038 /* maxiAtoms.cpp in Sources */,
				BEEA7EF21F0FDE6B001C6910 /* rapidStream.cpp in Sources */,
				BE59A46C1F169DCC00B26E85 /* libsvm.cpp in Sources */,
				BEB159871FD56094008A6436 /* filter_utilities.cpp in Sources */,
				BEB159861FD56094008A6436 /* BayesianFilter.cpp in Sources */,
				ABA8875AF0C06690CC0B92B1 /* maxiBark.cpp in Sources */,
				96084990AF216648B8B98E00 /* maxiFFT.cpp in Sources */,
				BEEA7EF41F0FDE6B001C6910 /* seriesClassification.cpp in Sources */,
				AF0580829426DC6BCA135A5C /* maxiGrains.cpp in Sources */,
				083FB2094A4DE99F5A60397A /* maxiMFCC.cpp in Sources */,
				22F21CE3B902225374BA1CA2 /* maximilian.cpp in Sources */,
				9514C2D90467055B1447D074 /* stb_vorbis.c in Sources */,
				6B5613CA3A873415D36173FD /* DeviceCollector.cpp in Sources */,
				ADF4E14A444FC04571F65373 /* ofxMyo.cpp in Sources */,
				BEEA7EF11F0FDE6B001C6910 /* neuralNetwork.cpp in Sources */,
			);
			runOnlyForDeploymentPostprocessing = 0;
		};
/* End PBXSourcesBuildPhase section */

/* Begin PBXTargetDependency section */
		E4EEB9AC138B136A00A80321 /* PBXTargetDependency */ = {
			isa = PBXTargetDependency;
			name = openFrameworks;
			targetProxy = E4EEB9AB138B136A00A80321 /* PBXContainerItemProxy */;
		};
/* End PBXTargetDependency section */

/* Begin XCBuildConfiguration section */
		E4B69B4E0A3A1720003C02F2 /* Debug */ = {
			isa = XCBuildConfiguration;
			baseConfigurationReference = E4EB6923138AFD0F00A09F29 /* Project.xcconfig */;
			buildSettings = {
				CLANG_ANALYZER_LOCALIZABILITY_NONLOCALIZED = YES;
				CLANG_WARN_BLOCK_CAPTURE_AUTORELEASING = YES;
				CLANG_WARN_BOOL_CONVERSION = YES;
				CLANG_WARN_COMMA = YES;
				CLANG_WARN_CONSTANT_CONVERSION = YES;
				CLANG_WARN_DEPRECATED_OBJC_IMPLEMENTATIONS = YES;
				CLANG_WARN_EMPTY_BODY = YES;
				CLANG_WARN_ENUM_CONVERSION = YES;
				CLANG_WARN_INFINITE_RECURSION = YES;
				CLANG_WARN_INT_CONVERSION = YES;
				CLANG_WARN_NON_LITERAL_NULL_CONVERSION = YES;
				CLANG_WARN_OBJC_IMPLICIT_RETAIN_SELF = YES;
				CLANG_WARN_OBJC_LITERAL_CONVERSION = YES;
				CLANG_WARN_RANGE_LOOP_ANALYSIS = YES;
				CLANG_WARN_STRICT_PROTOTYPES = YES;
				CLANG_WARN_SUSPICIOUS_MOVE = YES;
				CLANG_WARN_UNREACHABLE_CODE = YES;
				CLANG_WARN__DUPLICATE_METHOD_MATCH = YES;
				CONFIGURATION_BUILD_DIR = "$(SRCROOT)/bin/";
				COPY_PHASE_STRIP = NO;
				DEAD_CODE_STRIPPING = YES;
				ENABLE_STRICT_OBJC_MSGSEND = YES;
				ENABLE_TESTABILITY = YES;
				GCC_AUTO_VECTORIZATION = YES;
				GCC_ENABLE_SSE3_EXTENSIONS = YES;
				GCC_ENABLE_SUPPLEMENTAL_SSE3_INSTRUCTIONS = YES;
				GCC_INLINES_ARE_PRIVATE_EXTERN = NO;
				GCC_NO_COMMON_BLOCKS = YES;
				GCC_OPTIMIZATION_LEVEL = 0;
				GCC_SYMBOLS_PRIVATE_EXTERN = NO;
				GCC_WARN_64_TO_32_BIT_CONVERSION = YES;
				GCC_WARN_ABOUT_DEPRECATED_FUNCTIONS = YES;
				GCC_WARN_ABOUT_INVALID_OFFSETOF_MACRO = NO;
				GCC_WARN_ABOUT_RETURN_TYPE = YES;
				GCC_WARN_ALLOW_INCOMPLETE_PROTOCOL = NO;
				GCC_WARN_UNDECLARED_SELECTOR = YES;
				GCC_WARN_UNINITIALIZED_AUTOS = NO;
				GCC_WARN_UNUSED_FUNCTION = YES;
				GCC_WARN_UNUSED_VALUE = NO;
				GCC_WARN_UNUSED_VARIABLE = NO;
				HEADER_SEARCH_PATHS = (
					"$(OF_CORE_HEADERS)",
					src,
					src/RapidLib,
					src/RapidLib/IvanSrc,
					src/RapidLib/dependancies,
					src/RapidLib/dependancies/json,
					src/RapidLib/dependancies/libsvm,
					src/RapidLib/docs_doxygen/html,
					src/RapidLib/docs_doxygen/html/search,
					src/RapidLib/docs_doxygen/latex,
					src/RapidLib/docs_doxygen/xml,
					src/RapidLib/docs_jsdoc,
					src/RapidLib/docs_jsdoc/fonts,
					src/RapidLib/docs_jsdoc/scripts,
					src/RapidLib/docs_jsdoc/scripts/prettify,
					src/RapidLib/docs_jsdoc/styles,
					src/RapidLib/examples/html,
					"src/RapidLib/examples/html/RAPID-Myo",
					"src/RapidLib/examples/html/RAPID-Myo/img",
					src/RapidLib/examples/ofx/FaceToSound1,
					src/RapidLib/examples/ofx/FaceToSound1/FaceToSound1.xcodeproj,
					src/RapidLib/examples/ofx/FaceToSound1/FaceToSound1.xcodeproj/project.xcworkspace,
					src/RapidLib/examples/ofx/FaceToSound1/FaceToSound1.xcodeproj/project.xcworkspace/xcuserdata/mzed.xcuserdatad,
					src/RapidLib/examples/ofx/FaceToSound1/FaceToSound1.xcodeproj/xcshareddata/xcschemes,
					src/RapidLib/examples/ofx/FaceToSound1/FaceToSound1.xcodeproj/xcuserdata/mzed.xcuserdatad/xcschemes,
					src/RapidLib/examples/ofx/FaceToSound1/bin/FaceToSound1Debug.app/Contents,
					src/RapidLib/examples/ofx/FaceToSound1/bin/data,
					src/RapidLib/examples/ofx/FaceToSound1/bin/data/model,
					src/RapidLib/examples/ofx/FaceToSound1/src,
					src/RapidLib/examples/ofx/rapidAPI006,
					src/RapidLib/examples/ofx/rapidAPI006/rapidAPI_006.xcodeproj,
					src/RapidLib/examples/ofx/rapidAPI006/rapidAPI_006.xcodeproj/project.xcworkspace,
					src/RapidLib/examples/ofx/rapidAPI006/rapidAPI_006.xcodeproj/project.xcworkspace/xcshareddata,
					src/RapidLib/examples/ofx/rapidAPI006/rapidAPI_006.xcodeproj/project.xcworkspace/xcuserdata/michaelgrierson.xcuserdatad,
					src/RapidLib/examples/ofx/rapidAPI006/rapidAPI_006.xcodeproj/project.xcworkspace/xcuserdata/mzed.xcuserdatad,
					src/RapidLib/examples/ofx/rapidAPI006/rapidAPI_006.xcodeproj/xcuserdata/michaelgrierson.xcuserdatad/xcschemes,
					src/RapidLib/examples/ofx/rapidAPI006/rapidAPI_006.xcodeproj/xcuserdata/mzed.xcuserdatad/xcdebugger,
					src/RapidLib/examples/ofx/rapidAPI006/rapidAPI_006.xcodeproj/xcuserdata/mzed.xcuserdatad/xcschemes,
					src/RapidLib/examples/ofx/rapidAPI006/src,
					src/RapidLib/src,
					src/RapidLib/src/emscripten,
					../../../addons/ofxGui/src,
					../../../addons/ofxMaxim/libs,
					../../../addons/ofxMaxim/src,
					../../../addons/ofxMyo/libs,
					../../../addons/ofxMyo/libs/myo,
					../../../addons/ofxMyo/libs/myo/lib,
					../../../addons/ofxMyo/libs/myo/lib/osx,
					../../../addons/ofxMyo/src,
				);
				MACOSX_DEPLOYMENT_TARGET = 10.8;
				ONLY_ACTIVE_ARCH = YES;
				OTHER_CPLUSPLUSFLAGS = (
					"-D__MACOSX_CORE__",
					"-mtune=native",
				);
				SDKROOT = macosx;
			};
			name = Debug;
		};
		E4B69B4F0A3A1720003C02F2 /* Release */ = {
			isa = XCBuildConfiguration;
			baseConfigurationReference = E4EB6923138AFD0F00A09F29 /* Project.xcconfig */;
			buildSettings = {
				CLANG_ANALYZER_LOCALIZABILITY_NONLOCALIZED = YES;
				CLANG_WARN_BLOCK_CAPTURE_AUTORELEASING = YES;
				CLANG_WARN_BOOL_CONVERSION = YES;
				CLANG_WARN_COMMA = YES;
				CLANG_WARN_CONSTANT_CONVERSION = YES;
				CLANG_WARN_DEPRECATED_OBJC_IMPLEMENTATIONS = YES;
				CLANG_WARN_EMPTY_BODY = YES;
				CLANG_WARN_ENUM_CONVERSION = YES;
				CLANG_WARN_INFINITE_RECURSION = YES;
				CLANG_WARN_INT_CONVERSION = YES;
				CLANG_WARN_NON_LITERAL_NULL_CONVERSION = YES;
				CLANG_WARN_OBJC_IMPLICIT_RETAIN_SELF = YES;
				CLANG_WARN_OBJC_LITERAL_CONVERSION = YES;
				CLANG_WARN_RANGE_LOOP_ANALYSIS = YES;
				CLANG_WARN_STRICT_PROTOTYPES = YES;
				CLANG_WARN_SUSPICIOUS_MOVE = YES;
				CLANG_WARN_UNREACHABLE_CODE = YES;
				CLANG_WARN__DUPLICATE_METHOD_MATCH = YES;
				CONFIGURATION_BUILD_DIR = "$(SRCROOT)/bin/";
				COPY_PHASE_STRIP = YES;
				DEAD_CODE_STRIPPING = YES;
				ENABLE_STRICT_OBJC_MSGSEND = YES;
				GCC_AUTO_VECTORIZATION = YES;
				GCC_ENABLE_SSE3_EXTENSIONS = YES;
				GCC_ENABLE_SUPPLEMENTAL_SSE3_INSTRUCTIONS = YES;
				GCC_INLINES_ARE_PRIVATE_EXTERN = NO;
				GCC_NO_COMMON_BLOCKS = YES;
				GCC_OPTIMIZATION_LEVEL = 3;
				GCC_SYMBOLS_PRIVATE_EXTERN = NO;
				GCC_UNROLL_LOOPS = YES;
				GCC_WARN_64_TO_32_BIT_CONVERSION = YES;
				GCC_WARN_ABOUT_DEPRECATED_FUNCTIONS = YES;
				GCC_WARN_ABOUT_INVALID_OFFSETOF_MACRO = NO;
				GCC_WARN_ABOUT_RETURN_TYPE = YES;
				GCC_WARN_ALLOW_INCOMPLETE_PROTOCOL = NO;
				GCC_WARN_UNDECLARED_SELECTOR = YES;
				GCC_WARN_UNINITIALIZED_AUTOS = NO;
				GCC_WARN_UNUSED_FUNCTION = YES;
				GCC_WARN_UNUSED_VALUE = NO;
				GCC_WARN_UNUSED_VARIABLE = NO;
				HEADER_SEARCH_PATHS = (
					"$(OF_CORE_HEADERS)",
					src,
					src/RapidLib,
					src/RapidLib/IvanSrc,
					src/RapidLib/dependancies,
					src/RapidLib/dependancies/json,
					src/RapidLib/dependancies/libsvm,
					src/RapidLib/docs_doxygen/html,
					src/RapidLib/docs_doxygen/html/search,
					src/RapidLib/docs_doxygen/latex,
					src/RapidLib/docs_doxygen/xml,
					src/RapidLib/docs_jsdoc,
					src/RapidLib/docs_jsdoc/fonts,
					src/RapidLib/docs_jsdoc/scripts,
					src/RapidLib/docs_jsdoc/scripts/prettify,
					src/RapidLib/docs_jsdoc/styles,
					src/RapidLib/examples/html,
					"src/RapidLib/examples/html/RAPID-Myo",
					"src/RapidLib/examples/html/RAPID-Myo/img",
					src/RapidLib/examples/ofx/FaceToSound1,
					src/RapidLib/examples/ofx/FaceToSound1/FaceToSound1.xcodeproj,
					src/RapidLib/examples/ofx/FaceToSound1/FaceToSound1.xcodeproj/project.xcworkspace,
					src/RapidLib/examples/ofx/FaceToSound1/FaceToSound1.xcodeproj/project.xcworkspace/xcuserdata/mzed.xcuserdatad,
					src/RapidLib/examples/ofx/FaceToSound1/FaceToSound1.xcodeproj/xcshareddata/xcschemes,
					src/RapidLib/examples/ofx/FaceToSound1/FaceToSound1.xcodeproj/xcuserdata/mzed.xcuserdatad/xcschemes,
					src/RapidLib/examples/ofx/FaceToSound1/bin/FaceToSound1Debug.app/Contents,
					src/RapidLib/examples/ofx/FaceToSound1/bin/data,
					src/RapidLib/examples/ofx/FaceToSound1/bin/data/model,
					src/RapidLib/examples/ofx/FaceToSound1/src,
					src/RapidLib/examples/ofx/rapidAPI006,
					src/RapidLib/examples/ofx/rapidAPI006/rapidAPI_006.xcodeproj,
					src/RapidLib/examples/ofx/rapidAPI006/rapidAPI_006.xcodeproj/project.xcworkspace,
					src/RapidLib/examples/ofx/rapidAPI006/rapidAPI_006.xcodeproj/project.xcworkspace/xcshareddata,
					src/RapidLib/examples/ofx/rapidAPI006/rapidAPI_006.xcodeproj/project.xcworkspace/xcuserdata/michaelgrierson.xcuserdatad,
					src/RapidLib/examples/ofx/rapidAPI006/rapidAPI_006.xcodeproj/project.xcworkspace/xcuserdata/mzed.xcuserdatad,
					src/RapidLib/examples/ofx/rapidAPI006/rapidAPI_006.xcodeproj/xcuserdata/michaelgrierson.xcuserdatad/xcschemes,
					src/RapidLib/examples/ofx/rapidAPI006/rapidAPI_006.xcodeproj/xcuserdata/mzed.xcuserdatad/xcdebugger,
					src/RapidLib/examples/ofx/rapidAPI006/rapidAPI_006.xcodeproj/xcuserdata/mzed.xcuserdatad/xcschemes,
					src/RapidLib/examples/ofx/rapidAPI006/src,
					src/RapidLib/src,
					src/RapidLib/src/emscripten,
					../../../addons/ofxGui/src,
					../../../addons/ofxMaxim/libs,
					../../../addons/ofxMaxim/src,
					../../../addons/ofxMyo/libs,
					../../../addons/ofxMyo/libs/myo,
					../../../addons/ofxMyo/libs/myo/lib,
					../../../addons/ofxMyo/libs/myo/lib/osx,
					../../../addons/ofxMyo/src,
				);
				MACOSX_DEPLOYMENT_TARGET = 10.8;
				OTHER_CPLUSPLUSFLAGS = (
					"-D__MACOSX_CORE__",
					"-mtune=native",
				);
				SDKROOT = macosx;
			};
			name = Release;
		};
		E4B69B600A3A1757003C02F2 /* Debug */ = {
			isa = XCBuildConfiguration;
			baseConfigurationReference = E4EB6923138AFD0F00A09F29 /* Project.xcconfig */;
			buildSettings = {
				CLANG_ENABLE_OBJC_WEAK = YES;
				COMBINE_HIDPI_IMAGES = YES;
				COPY_PHASE_STRIP = NO;
				FRAMEWORK_SEARCH_PATHS = (
					"$(inherited)",
					"$(FRAMEWORK_SEARCH_PATHS_QUOTED_FOR_TARGET_1)",
					../../../addons/ofxMyo/libs/myo/lib/osx,
				);
				FRAMEWORK_SEARCH_PATHS_QUOTED_FOR_TARGET_1 = "\"$(SRCROOT)/../../../libs/glut/lib/osx\"";
				GCC_DYNAMIC_NO_PIC = NO;
				GCC_GENERATE_DEBUGGING_SYMBOLS = YES;
				GCC_MODEL_TUNING = NONE;
				HEADER_SEARCH_PATHS = (
					"$(OF_CORE_HEADERS)",
					../../../addons/ofxRapidLib/libs,
					../../../addons/ofxRapidLib/libs/dependencies,
					../../../addons/ofxRapidLib/libs/dependencies/json,
				);
				ICON = "$(ICON_NAME_DEBUG)";
				ICON_FILE = "$(ICON_FILE_PATH)$(ICON)";
				INFOPLIST_FILE = "openFrameworks-Info.plist";
				INSTALL_PATH = /Applications;
				LD_RUNPATH_SEARCH_PATHS = "@loader_path/../Frameworks";
				LIBRARY_SEARCH_PATHS = "$(inherited)";
				PRODUCT_BUNDLE_IDENTIFIER = cc.openFrameworks.ofapp;
				PRODUCT_NAME = "$(TARGET_NAME)Debug";
				WRAPPER_EXTENSION = app;
			};
			name = Debug;
		};
		E4B69B610A3A1757003C02F2 /* Release */ = {
			isa = XCBuildConfiguration;
			baseConfigurationReference = E4EB6923138AFD0F00A09F29 /* Project.xcconfig */;
			buildSettings = {
				CLANG_ENABLE_OBJC_WEAK = YES;
				COMBINE_HIDPI_IMAGES = YES;
				COPY_PHASE_STRIP = YES;
				FRAMEWORK_SEARCH_PATHS = (
					"$(inherited)",
					"$(FRAMEWORK_SEARCH_PATHS_QUOTED_FOR_TARGET_1)",
					../../../addons/ofxMyo/libs/myo/lib/osx,
				);
				FRAMEWORK_SEARCH_PATHS_QUOTED_FOR_TARGET_1 = "\"$(SRCROOT)/../../../libs/glut/lib/osx\"";
				GCC_GENERATE_DEBUGGING_SYMBOLS = YES;
				GCC_MODEL_TUNING = NONE;
				HEADER_SEARCH_PATHS = (
					"$(OF_CORE_HEADERS)",
					../../../addons/ofxRapidLib/libs,
					../../../addons/ofxRapidLib/libs/dependencies,
					../../../addons/ofxRapidLib/libs/dependencies/json,
				);
				ICON = "$(ICON_NAME_RELEASE)";
				ICON_FILE = "$(ICON_FILE_PATH)$(ICON)";
				INFOPLIST_FILE = "openFrameworks-Info.plist";
				INSTALL_PATH = /Applications;
				LD_RUNPATH_SEARCH_PATHS = "@loader_path/../Frameworks";
				LIBRARY_SEARCH_PATHS = "$(inherited)";
				PRODUCT_BUNDLE_IDENTIFIER = cc.openFrameworks.ofapp;
				PRODUCT_NAME = "$(TARGET_NAME)";
				WRAPPER_EXTENSION = app;
				baseConfigurationReference = E4EB6923138AFD0F00A09F29;
			};
			name = Release;
		};
/* End XCBuildConfiguration section */

/* Begin XCConfigurationList section */
		E4B69B4D0A3A1720003C02F2 /* Build configuration list for PBXProject "prob_drums" */ = {
			isa = XCConfigurationList;
			buildConfigurations = (
				E4B69B4E0A3A1720003C02F2 /* Debug */,
				E4B69B4F0A3A1720003C02F2 /* Release */,
			);
			defaultConfigurationIsVisible = 0;
			defaultConfigurationName = Release;
		};
		E4B69B5F0A3A1757003C02F2 /* Build configuration list for PBXNativeTarget "prob_drums" */ = {
			isa = XCConfigurationList;
			buildConfigurations = (
				E4B69B600A3A1757003C02F2 /* Debug */,
				E4B69B610A3A1757003C02F2 /* Release */,
			);
			defaultConfigurationIsVisible = 0;
			defaultConfigurationName = Release;
		};
/* End XCConfigurationList section */
	};
	rootObject = E4B69B4C0A3A1720003C02F2 /* Project object */;
}
